
Microsoft Visual Studio Solution File, Format Version 12.00
# Visual Studio 14
VisualStudioVersion = 14.0.25123.0
MinimumVisualStudioVersion = 10.0.40219.1
Project("{FAE04EC0-301F-11D3-BF4B-00C04F79EFBC}") = "Manasa-and-stones", "Manasa-and-stones\Manasa-and-stones.csproj", "{C26B9943-CB0F-4A02-81D2-9AEEEC7A20DB}"
EndProject
Project("{FAE04EC0-301F-11D3-BF4B-00C04F79EFBC}") = "Taum-and-Bday", "Taum-and-Bday\Taum-and-Bday.csproj", "{612315B3-678B-425B-A151-56DFADCADF9C}"
EndProject
Project("{FAE04EC0-301F-11D3-BF4B-00C04F79EFBC}") = "Pendencias", "Pendencias\Pendencias.csproj", "{6F3BD615-4E4D-494F-B932-99F8DFC6415A}"
EndProject
Project("{FAE04EC0-301F-11D3-BF4B-00C04F79EFBC}") = "UtopianTree", "UtopianTree\UtopianTree.csproj", "{495FB665-F8F6-4392-8872-DE8211BBF47E}"
EndProject
Project("{FAE04EC0-301F-11D3-BF4B-00C04F79EFBC}") = "Service-Lane", "Service-Lane\Service-Lane.csproj", "{7ACFBD51-8697-409A-9539-EEA09225DC6D}"
EndProject
Project("{FAE04EC0-301F-11D3-BF4B-00C04F79EFBC}") = "Chocolate-Feast", "Chocolate-Feast\Chocolate-Feast.csproj", "{26D09D4E-3F02-49E9-8014-B0A2D1A62CF3}"
EndProject
Project("{FAE04EC0-301F-11D3-BF4B-00C04F79EFBC}") = "ACM-ICPC-Team", "ACM-ICPC-Team\ACM-ICPC-Team.csproj", "{D6E8EAE8-A1B8-4651-BDD4-C598042259C2}"
EndProject
Project("{FAE04EC0-301F-11D3-BF4B-00C04F79EFBC}") = "Sherlock-and-Squares", "Sherlock-and-Squares\Sherlock-and-Squares.csproj", "{2A247A46-0539-4367-B87F-16416C61033C}"
EndProject
Project("{FAE04EC0-301F-11D3-BF4B-00C04F79EFBC}") = "Roads-in-HackerLand", "Roads-in-HackerLand\Roads-in-HackerLand.csproj", "{ECDB33C0-DAB4-4B28-99F2-F095198E2CD5}"
EndProject
Project("{FAE04EC0-301F-11D3-BF4B-00C04F79EFBC}") = "Caesar-Cipher", "Caesar-Cipher\Caesar-Cipher.csproj", "{31038F1D-2DE1-422B-8B17-819839CC1146}"
EndProject
Project("{FAE04EC0-301F-11D3-BF4B-00C04F79EFBC}") = "Library-Fine", "Library-Fine\Library-Fine.csproj", "{07DEA131-DA69-48B3-A41F-277A7D43D5ED}"
EndProject
Project("{FAE04EC0-301F-11D3-BF4B-00C04F79EFBC}") = "FairRations", "FairRations\FairRations.csproj", "{C88D0284-9E30-4BF5-AEE9-4123D41714A5}"
EndProject
Project("{FAE04EC0-301F-11D3-BF4B-00C04F79EFBC}") = "LisasWorkBook", "LisasWorkBook\LisasWorkBook.csproj", "{D0CAAA04-3734-4C44-A20B-3297DE4776FC}"
EndProject
Project("{FAE04EC0-301F-11D3-BF4B-00C04F79EFBC}") = "Save-the-Prisioner", "Save-the-Prisioner\Save-the-Prisioner.csproj", "{1636D6FE-CF4F-4CE0-99FA-F0A557232628}"
EndProject
Project("{FAE04EC0-301F-11D3-BF4B-00C04F79EFBC}") = "Kangaroo", "Kangaroo\Kangaroo.csproj", "{B3A622BF-D7CD-40B4-818A-B4429D0B756A}"
EndProject
Project("{FAE04EC0-301F-11D3-BF4B-00C04F79EFBC}") = "Divisible-Sum-Pairs", "Divisible-Sum-Pairs\Divisible-Sum-Pairs.csproj", "{27075B9B-FD35-47AB-8EE6-CEDAD05408FC}"
EndProject
Project("{FAE04EC0-301F-11D3-BF4B-00C04F79EFBC}") = "Find-Digits", "Find-Digits\Find-Digits.csproj", "{BD76C5A5-EC02-4D4E-86AB-6AB033954F52}"
EndProject
Project("{FAE04EC0-301F-11D3-BF4B-00C04F79EFBC}") = "Cut-the-Sticks", "Cut-the-Sticks\Cut-the-Sticks.csproj", "{8684B6D7-A028-415D-8F42-FA0DB480E65E}"
EndProject
Project("{FAE04EC0-301F-11D3-BF4B-00C04F79EFBC}") = "Non-Divisible-Subset", "Non-Divisible-Subset\Non-Divisible-Subset.csproj", "{4D38E377-0AA5-4E6D-AC49-8FEAF31CD99B}"
EndProject
Project("{FAE04EC0-301F-11D3-BF4B-00C04F79EFBC}") = "Cavity-Map", "Cavity-Map\Cavity-Map.csproj", "{42CDE122-F63B-4206-BCC5-7BCB90C142B1}"
EndProject
Project("{FAE04EC0-301F-11D3-BF4B-00C04F79EFBC}") = "Modified-Krapekar-Numbers", "Modified-Krapekar-Numbers\Modified-Krapekar-Numbers.csproj", "{7CACC2A6-EA63-45DC-8F65-0173CFA1BAE9}"
EndProject
Project("{FAE04EC0-301F-11D3-BF4B-00C04F79EFBC}") = "Extra-Long-Factorial", "Extra-Long-Factorial\Extra-Long-Factorial.csproj", "{B2EF33DF-7785-41B1-84D3-BF845B969F77}"
EndProject
Project("{FAE04EC0-301F-11D3-BF4B-00C04F79EFBC}") = "New-Year-Chaos", "New-Year-Chaos\New-Year-Chaos.csproj", "{E837FF38-CC54-4EAF-8876-D27312FAA135}"
EndProject
Project("{FAE04EC0-301F-11D3-BF4B-00C04F79EFBC}") = "Larrys Array", "Larrys Array\Larrys Array.csproj", "{C115A104-81B6-4779-8528-C8A35DE5D8F1}"
EndProject
Project("{FAE04EC0-301F-11D3-BF4B-00C04F79EFBC}") = "Bigger-is-Greater", "Bigger-is-Greater\Bigger-is-Greater.csproj", "{F86D6907-9683-422B-ACE4-3F0192AE4C63}"
EndProject
Project("{FAE04EC0-301F-11D3-BF4B-00C04F79EFBC}") = "Almost-Sorted", "Almost-Sorted\Almost-Sorted.csproj", "{1B8A6CC9-673F-4EE7-BF26-B427A1DCAE82}"
EndProject
Global
	GlobalSection(SolutionConfigurationPlatforms) = preSolution
		Debug|Any CPU = Debug|Any CPU
		Release|Any CPU = Release|Any CPU
	EndGlobalSection
	GlobalSection(ProjectConfigurationPlatforms) = postSolution
		{C26B9943-CB0F-4A02-81D2-9AEEEC7A20DB}.Debug|Any CPU.ActiveCfg = Debug|Any CPU
		{C26B9943-CB0F-4A02-81D2-9AEEEC7A20DB}.Debug|Any CPU.Build.0 = Debug|Any CPU
		{C26B9943-CB0F-4A02-81D2-9AEEEC7A20DB}.Release|Any CPU.ActiveCfg = Release|Any CPU
		{C26B9943-CB0F-4A02-81D2-9AEEEC7A20DB}.Release|Any CPU.Build.0 = Release|Any CPU
		{612315B3-678B-425B-A151-56DFADCADF9C}.Debug|Any CPU.ActiveCfg = Debug|Any CPU
		{612315B3-678B-425B-A151-56DFADCADF9C}.Debug|Any CPU.Build.0 = Debug|Any CPU
		{612315B3-678B-425B-A151-56DFADCADF9C}.Release|Any CPU.ActiveCfg = Release|Any CPU
		{612315B3-678B-425B-A151-56DFADCADF9C}.Release|Any CPU.Build.0 = Release|Any CPU
		{6F3BD615-4E4D-494F-B932-99F8DFC6415A}.Debug|Any CPU.ActiveCfg = Debug|Any CPU
		{6F3BD615-4E4D-494F-B932-99F8DFC6415A}.Debug|Any CPU.Build.0 = Debug|Any CPU
		{6F3BD615-4E4D-494F-B932-99F8DFC6415A}.Release|Any CPU.ActiveCfg = Release|Any CPU
		{6F3BD615-4E4D-494F-B932-99F8DFC6415A}.Release|Any CPU.Build.0 = Release|Any CPU
		{495FB665-F8F6-4392-8872-DE8211BBF47E}.Debug|Any CPU.ActiveCfg = Debug|Any CPU
		{495FB665-F8F6-4392-8872-DE8211BBF47E}.Debug|Any CPU.Build.0 = Debug|Any CPU
		{495FB665-F8F6-4392-8872-DE8211BBF47E}.Release|Any CPU.ActiveCfg = Release|Any CPU
		{495FB665-F8F6-4392-8872-DE8211BBF47E}.Release|Any CPU.Build.0 = Release|Any CPU
		{7ACFBD51-8697-409A-9539-EEA09225DC6D}.Debug|Any CPU.ActiveCfg = Debug|Any CPU
		{7ACFBD51-8697-409A-9539-EEA09225DC6D}.Debug|Any CPU.Build.0 = Debug|Any CPU
		{7ACFBD51-8697-409A-9539-EEA09225DC6D}.Release|Any CPU.ActiveCfg = Release|Any CPU
		{7ACFBD51-8697-409A-9539-EEA09225DC6D}.Release|Any CPU.Build.0 = Release|Any CPU
		{26D09D4E-3F02-49E9-8014-B0A2D1A62CF3}.Debug|Any CPU.ActiveCfg = Debug|Any CPU
		{26D09D4E-3F02-49E9-8014-B0A2D1A62CF3}.Debug|Any CPU.Build.0 = Debug|Any CPU
		{26D09D4E-3F02-49E9-8014-B0A2D1A62CF3}.Release|Any CPU.ActiveCfg = Release|Any CPU
		{26D09D4E-3F02-49E9-8014-B0A2D1A62CF3}.Release|Any CPU.Build.0 = Release|Any CPU
		{D6E8EAE8-A1B8-4651-BDD4-C598042259C2}.Debug|Any CPU.ActiveCfg = Debug|Any CPU
		{D6E8EAE8-A1B8-4651-BDD4-C598042259C2}.Debug|Any CPU.Build.0 = Debug|Any CPU
		{D6E8EAE8-A1B8-4651-BDD4-C598042259C2}.Release|Any CPU.ActiveCfg = Release|Any CPU
		{D6E8EAE8-A1B8-4651-BDD4-C598042259C2}.Release|Any CPU.Build.0 = Release|Any CPU
		{2A247A46-0539-4367-B87F-16416C61033C}.Debug|Any CPU.ActiveCfg = Debug|Any CPU
		{2A247A46-0539-4367-B87F-16416C61033C}.Debug|Any CPU.Build.0 = Debug|Any CPU
		{2A247A46-0539-4367-B87F-16416C61033C}.Release|Any CPU.ActiveCfg = Release|Any CPU
		{2A247A46-0539-4367-B87F-16416C61033C}.Release|Any CPU.Build.0 = Release|Any CPU
		{ECDB33C0-DAB4-4B28-99F2-F095198E2CD5}.Debug|Any CPU.ActiveCfg = Debug|Any CPU
		{ECDB33C0-DAB4-4B28-99F2-F095198E2CD5}.Debug|Any CPU.Build.0 = Debug|Any CPU
		{ECDB33C0-DAB4-4B28-99F2-F095198E2CD5}.Release|Any CPU.ActiveCfg = Release|Any CPU
		{ECDB33C0-DAB4-4B28-99F2-F095198E2CD5}.Release|Any CPU.Build.0 = Release|Any CPU
		{31038F1D-2DE1-422B-8B17-819839CC1146}.Debug|Any CPU.ActiveCfg = Debug|Any CPU
		{31038F1D-2DE1-422B-8B17-819839CC1146}.Debug|Any CPU.Build.0 = Debug|Any CPU
		{31038F1D-2DE1-422B-8B17-819839CC1146}.Release|Any CPU.ActiveCfg = Release|Any CPU
		{31038F1D-2DE1-422B-8B17-819839CC1146}.Release|Any CPU.Build.0 = Release|Any CPU
		{07DEA131-DA69-48B3-A41F-277A7D43D5ED}.Debug|Any CPU.ActiveCfg = Debug|Any CPU
		{07DEA131-DA69-48B3-A41F-277A7D43D5ED}.Debug|Any CPU.Build.0 = Debug|Any CPU
		{07DEA131-DA69-48B3-A41F-277A7D43D5ED}.Release|Any CPU.ActiveCfg = Release|Any CPU
		{07DEA131-DA69-48B3-A41F-277A7D43D5ED}.Release|Any CPU.Build.0 = Release|Any CPU
		{C88D0284-9E30-4BF5-AEE9-4123D41714A5}.Debug|Any CPU.ActiveCfg = Debug|Any CPU
		{C88D0284-9E30-4BF5-AEE9-4123D41714A5}.Debug|Any CPU.Build.0 = Debug|Any CPU
		{C88D0284-9E30-4BF5-AEE9-4123D41714A5}.Release|Any CPU.ActiveCfg = Release|Any CPU
		{C88D0284-9E30-4BF5-AEE9-4123D41714A5}.Release|Any CPU.Build.0 = Release|Any CPU
		{D0CAAA04-3734-4C44-A20B-3297DE4776FC}.Debug|Any CPU.ActiveCfg = Debug|Any CPU
		{D0CAAA04-3734-4C44-A20B-3297DE4776FC}.Debug|Any CPU.Build.0 = Debug|Any CPU
		{D0CAAA04-3734-4C44-A20B-3297DE4776FC}.Release|Any CPU.ActiveCfg = Release|Any CPU
		{D0CAAA04-3734-4C44-A20B-3297DE4776FC}.Release|Any CPU.Build.0 = Release|Any CPU
		{1636D6FE-CF4F-4CE0-99FA-F0A557232628}.Debug|Any CPU.ActiveCfg = Debug|Any CPU
		{1636D6FE-CF4F-4CE0-99FA-F0A557232628}.Debug|Any CPU.Build.0 = Debug|Any CPU
		{1636D6FE-CF4F-4CE0-99FA-F0A557232628}.Release|Any CPU.ActiveCfg = Release|Any CPU
		{1636D6FE-CF4F-4CE0-99FA-F0A557232628}.Release|Any CPU.Build.0 = Release|Any CPU
		{B3A622BF-D7CD-40B4-818A-B4429D0B756A}.Debug|Any CPU.ActiveCfg = Debug|Any CPU
		{B3A622BF-D7CD-40B4-818A-B4429D0B756A}.Debug|Any CPU.Build.0 = Debug|Any CPU
		{B3A622BF-D7CD-40B4-818A-B4429D0B756A}.Release|Any CPU.ActiveCfg = Release|Any CPU
		{B3A622BF-D7CD-40B4-818A-B4429D0B756A}.Release|Any CPU.Build.0 = Release|Any CPU
		{27075B9B-FD35-47AB-8EE6-CEDAD05408FC}.Debug|Any CPU.ActiveCfg = Debug|Any CPU
		{27075B9B-FD35-47AB-8EE6-CEDAD05408FC}.Debug|Any CPU.Build.0 = Debug|Any CPU
		{27075B9B-FD35-47AB-8EE6-CEDAD05408FC}.Release|Any CPU.ActiveCfg = Release|Any CPU
		{27075B9B-FD35-47AB-8EE6-CEDAD05408FC}.Release|Any CPU.Build.0 = Release|Any CPU
		{BD76C5A5-EC02-4D4E-86AB-6AB033954F52}.Debug|Any CPU.ActiveCfg = Debug|Any CPU
		{BD76C5A5-EC02-4D4E-86AB-6AB033954F52}.Debug|Any CPU.Build.0 = Debug|Any CPU
		{BD76C5A5-EC02-4D4E-86AB-6AB033954F52}.Release|Any CPU.ActiveCfg = Release|Any CPU
		{BD76C5A5-EC02-4D4E-86AB-6AB033954F52}.Release|Any CPU.Build.0 = Release|Any CPU
		{8684B6D7-A028-415D-8F42-FA0DB480E65E}.Debug|Any CPU.ActiveCfg = Debug|Any CPU
		{8684B6D7-A028-415D-8F42-FA0DB480E65E}.Debug|Any CPU.Build.0 = Debug|Any CPU
		{8684B6D7-A028-415D-8F42-FA0DB480E65E}.Release|Any CPU.ActiveCfg = Release|Any CPU
		{8684B6D7-A028-415D-8F42-FA0DB480E65E}.Release|Any CPU.Build.0 = Release|Any CPU
		{4D38E377-0AA5-4E6D-AC49-8FEAF31CD99B}.Debug|Any CPU.ActiveCfg = Debug|Any CPU
		{4D38E377-0AA5-4E6D-AC49-8FEAF31CD99B}.Debug|Any CPU.Build.0 = Debug|Any CPU
		{4D38E377-0AA5-4E6D-AC49-8FEAF31CD99B}.Release|Any CPU.ActiveCfg = Release|Any CPU
		{4D38E377-0AA5-4E6D-AC49-8FEAF31CD99B}.Release|Any CPU.Build.0 = Release|Any CPU
		{42CDE122-F63B-4206-BCC5-7BCB90C142B1}.Debug|Any CPU.ActiveCfg = Debug|Any CPU
		{42CDE122-F63B-4206-BCC5-7BCB90C142B1}.Debug|Any CPU.Build.0 = Debug|Any CPU
		{42CDE122-F63B-4206-BCC5-7BCB90C142B1}.Release|Any CPU.ActiveCfg = Release|Any CPU
		{42CDE122-F63B-4206-BCC5-7BCB90C142B1}.Release|Any CPU.Build.0 = Release|Any CPU
		{7CACC2A6-EA63-45DC-8F65-0173CFA1BAE9}.Debug|Any CPU.ActiveCfg = Debug|Any CPU
		{7CACC2A6-EA63-45DC-8F65-0173CFA1BAE9}.Debug|Any CPU.Build.0 = Debug|Any CPU
		{7CACC2A6-EA63-45DC-8F65-0173CFA1BAE9}.Release|Any CPU.ActiveCfg = Release|Any CPU
		{7CACC2A6-EA63-45DC-8F65-0173CFA1BAE9}.Release|Any CPU.Build.0 = Release|Any CPU
		{B2EF33DF-7785-41B1-84D3-BF845B969F77}.Debug|Any CPU.ActiveCfg = Debug|Any CPU
		{B2EF33DF-7785-41B1-84D3-BF845B969F77}.Debug|Any CPU.Build.0 = Debug|Any CPU
		{B2EF33DF-7785-41B1-84D3-BF845B969F77}.Release|Any CPU.ActiveCfg = Release|Any CPU
		{B2EF33DF-7785-41B1-84D3-BF845B969F77}.Release|Any CPU.Build.0 = Release|Any CPU
		{E837FF38-CC54-4EAF-8876-D27312FAA135}.Debug|Any CPU.ActiveCfg = Debug|Any CPU
		{E837FF38-CC54-4EAF-8876-D27312FAA135}.Debug|Any CPU.Build.0 = Debug|Any CPU
		{E837FF38-CC54-4EAF-8876-D27312FAA135}.Release|Any CPU.ActiveCfg = Release|Any CPU
		{E837FF38-CC54-4EAF-8876-D27312FAA135}.Release|Any CPU.Build.0 = Release|Any CPU
		{C115A104-81B6-4779-8528-C8A35DE5D8F1}.Debug|Any CPU.ActiveCfg = Debug|Any CPU
		{C115A104-81B6-4779-8528-C8A35DE5D8F1}.Debug|Any CPU.Build.0 = Debug|Any CPU
		{C115A104-81B6-4779-8528-C8A35DE5D8F1}.Release|Any CPU.ActiveCfg = Release|Any CPU
		{C115A104-81B6-4779-8528-C8A35DE5D8F1}.Release|Any CPU.Build.0 = Release|Any CPU
		{F86D6907-9683-422B-ACE4-3F0192AE4C63}.Debug|Any CPU.ActiveCfg = Debug|Any CPU
		{F86D6907-9683-422B-ACE4-3F0192AE4C63}.Debug|Any CPU.Build.0 = Debug|Any CPU
		{F86D6907-9683-422B-ACE4-3F0192AE4C63}.Release|Any CPU.ActiveCfg = Release|Any CPU
		{F86D6907-9683-422B-ACE4-3F0192AE4C63}.Release|Any CPU.Build.0 = Release|Any CPU
		{1B8A6CC9-673F-4EE7-BF26-B427A1DCAE82}.Debug|Any CPU.ActiveCfg = Debug|Any CPU
		{1B8A6CC9-673F-4EE7-BF26-B427A1DCAE82}.Debug|Any CPU.Build.0 = Debug|Any CPU
		{1B8A6CC9-673F-4EE7-BF26-B427A1DCAE82}.Release|Any CPU.ActiveCfg = Release|Any CPU
		{1B8A6CC9-673F-4EE7-BF26-B427A1DCAE82}.Release|Any CPU.Build.0 = Release|Any CPU
	EndGlobalSection
	GlobalSection(SolutionProperties) = preSolution
		HideSolutionNode = FALSE
	EndGlobalSection
EndGlobal
